
Microsoft Visual Studio Solution File, Format Version 12.00
# Visual Studio Version 17
VisualStudioVersion = 17.14.36518.9
MinimumVisualStudioVersion = 10.0.40219.1
Project("{FAE04EC0-301F-11D3-BF4B-00C04F79EFBC}") = "Assignment", "WebApplication1\Assignment.csproj", "{A2E42D73-367A-413C-96E1-0A340C3A8FBC}"
EndProject
Global
	GlobalSection(SolutionConfigurationPlatforms) = preSolution
		Debug|Any CPU = Debug|Any CPU
		Release|Any CPU = Release|Any CPU
	EndGlobalSection
	GlobalSection(ProjectConfigurationPlatforms) = postSolution
		{A2E42D73-367A-413C-96E1-0A340C3A8FBC}.Debug|Any CPU.ActiveCfg = Debug|Any CPU
		{A2E42D73-367A-413C-96E1-0A340C3A8FBC}.Debug|Any CPU.Build.0 = Debug|Any CPU
		{A2E42D73-367A-413C-96E1-0A340C3A8FBC}.Release|Any CPU.ActiveCfg = Release|Any CPU
		{A2E42D73-367A-413C-96E1-0A340C3A8FBC}.Release|Any CPU.Build.0 = Release|Any CPU
	EndGlobalSection
	GlobalSection(SolutionProperties) = preSolution
		HideSolutionNode = FALSE
	EndGlobalSection
	GlobalSection(ExtensibilityGlobals) = postSolution
		SolutionGuid = {A42D6E47-38A0-4132-8FE8-3DFD2DBEDB7F}
	EndGlobalSection
EndGlobal
